
Microsoft Visual Studio Solution File, Format Version 12.00
# Visual Studio Version 16
VisualStudioVersion = 16.0.29418.71
MinimumVisualStudioVersion = 10.0.40219.1
Project("{FAE04EC0-301F-11D3-BF4B-00C04F79EFBC}") = "MarketScraper", "MarketScraper\MarketScraper.csproj", "{3FDBB33B-72B2-4D02-A911-5F928CB659FE}"
EndProject
Global
	GlobalSection(SolutionConfigurationPlatforms) = preSolution
		Debug|Any CPU = Debug|Any CPU
		Release|Any CPU = Release|Any CPU
	EndGlobalSection
	GlobalSection(ProjectConfigurationPlatforms) = postSolution
		{3FDBB33B-72B2-4D02-A911-5F928CB659FE}.Debug|Any CPU.ActiveCfg = Debug|Any CPU
		{3FDBB33B-72B2-4D02-A911-5F928CB659FE}.Debug|Any CPU.Build.0 = Debug|Any CPU
		{3FDBB33B-72B2-4D02-A911-5F928CB659FE}.Release|Any CPU.ActiveCfg = Release|Any CPU
		{3FDBB33B-72B2-4D02-A911-5F928CB659FE}.Release|Any CPU.Build.0 = Release|Any CPU
	EndGlobalSection
	GlobalSection(SolutionProperties) = preSolution
		HideSolutionNode = FALSE
	EndGlobalSection
	GlobalSection(ExtensibilityGlobals) = postSolution
		SolutionGuid = {5B2533F5-D559-4F8F-9A68-AB52D247E234}
	EndGlobalSection
EndGlobal
